
Microsoft Visual Studio Solution File, Format Version 12.00
# Visual Studio 15
VisualStudioVersion = 15.0.27428.2043
MinimumVisualStudioVersion = 10.0.40219.1
Project("{FAE04EC0-301F-11D3-BF4B-00C04F79EFBC}") = "EnableCors", "WebApplication8\EnableCors.csproj", "{E3C5FFD2-F12D-4585-A93F-64EC5BC2FA45}"
EndProject
Project("{FAE04EC0-301F-11D3-BF4B-00C04F79EFBC}") = "WebClient", "WebClient\WebClient.csproj", "{A642A147-E769-45DD-BA94-22C19EE3B0BF}"
EndProject
Global
	GlobalSection(SolutionConfigurationPlatforms) = preSolution
		Debug|Any CPU = Debug|Any CPU
		Release|Any CPU = Release|Any CPU
	EndGlobalSection
	GlobalSection(ProjectConfigurationPlatforms) = postSolution
		{E3C5FFD2-F12D-4585-A93F-64EC5BC2FA45}.Debug|Any CPU.ActiveCfg = Debug|Any CPU
		{E3C5FFD2-F12D-4585-A93F-64EC5BC2FA45}.Debug|Any CPU.Build.0 = Debug|Any CPU
		{E3C5FFD2-F12D-4585-A93F-64EC5BC2FA45}.Release|Any CPU.ActiveCfg = Release|Any CPU
		{E3C5FFD2-F12D-4585-A93F-64EC5BC2FA45}.Release|Any CPU.Build.0 = Release|Any CPU
		{A642A147-E769-45DD-BA94-22C19EE3B0BF}.Debug|Any CPU.ActiveCfg = Debug|Any CPU
		{A642A147-E769-45DD-BA94-22C19EE3B0BF}.Debug|Any CPU.Build.0 = Debug|Any CPU
		{A642A147-E769-45DD-BA94-22C19EE3B0BF}.Release|Any CPU.ActiveCfg = Release|Any CPU
		{A642A147-E769-45DD-BA94-22C19EE3B0BF}.Release|Any CPU.Build.0 = Release|Any CPU
	EndGlobalSection
	GlobalSection(SolutionProperties) = preSolution
		HideSolutionNode = FALSE
	EndGlobalSection
	GlobalSection(ExtensibilityGlobals) = postSolution
		SolutionGuid = {4F7405AC-C577-4205-BF4A-2C5B76EB6A81}
	EndGlobalSection
EndGlobal
